// !$*UTF8*$!
{
	archiveVersion = 1;
	classes = {
	};
	objectVersion = 46;
	objects = {

/* Begin PBXBuildFile section */
		966DE3B0E7C7AEBB36CF1DC6 /* libPods-Yueba.a in Frameworks */ = {isa = PBXBuildFile; fileRef = 4DECFA22A77262974006AC7C /* libPods-Yueba.a */; };
		CC097C731D6C28A900CD8D09 /* QYHTTPManager.m in Sources */ = {isa = PBXBuildFile; fileRef = CC097C721D6C28A900CD8D09 /* QYHTTPManager.m */; };
		CC097C761D6C311800CD8D09 /* RegistVC.m in Sources */ = {isa = PBXBuildFile; fileRef = CC097C751D6C311800CD8D09 /* RegistVC.m */; };
		CC097C791D6C386900CD8D09 /* LoginVC.m in Sources */ = {isa = PBXBuildFile; fileRef = CC097C781D6C386900CD8D09 /* LoginVC.m */; };
		CC097C7C1D6C403100CD8D09 /* QYAccount.m in Sources */ = {isa = PBXBuildFile; fileRef = CC097C7B1D6C403100CD8D09 /* QYAccount.m */; };
		CC18BCF31D7521B00043BB37 /* BaiduMapAPI_Base.framework in Frameworks */ = {isa = PBXBuildFile; fileRef = CC18BCEC1D7521B00043BB37 /* BaiduMapAPI_Base.framework */; };
		CC18BCF41D7521B00043BB37 /* BaiduMapAPI_Cloud.framework in Frameworks */ = {isa = PBXBuildFile; fileRef = CC18BCED1D7521B00043BB37 /* BaiduMapAPI_Cloud.framework */; };
		CC18BCF51D7521B00043BB37 /* BaiduMapAPI_Location.framework in Frameworks */ = {isa = PBXBuildFile; fileRef = CC18BCEE1D7521B00043BB37 /* BaiduMapAPI_Location.framework */; };
		CC18BCF61D7521B00043BB37 /* BaiduMapAPI_Map.framework in Frameworks */ = {isa = PBXBuildFile; fileRef = CC18BCEF1D7521B00043BB37 /* BaiduMapAPI_Map.framework */; };
		CC18BCF71D7521B00043BB37 /* BaiduMapAPI_Radar.framework in Frameworks */ = {isa = PBXBuildFile; fileRef = CC18BCF01D7521B00043BB37 /* BaiduMapAPI_Radar.framework */; };
		CC18BCF81D7521B00043BB37 /* BaiduMapAPI_Search.framework in Frameworks */ = {isa = PBXBuildFile; fileRef = CC18BCF11D7521B00043BB37 /* BaiduMapAPI_Search.framework */; };
		CC18BCF91D7521B00043BB37 /* BaiduMapAPI_Utils.framework in Frameworks */ = {isa = PBXBuildFile; fileRef = CC18BCF21D7521B00043BB37 /* BaiduMapAPI_Utils.framework */; };
		CC18BCFB1D7522270043BB37 /* CoreLocation.framework in Frameworks */ = {isa = PBXBuildFile; fileRef = CC18BCFA1D7522270043BB37 /* CoreLocation.framework */; };
		CC18BCFD1D7522350043BB37 /* QuartzCore.framework in Frameworks */ = {isa = PBXBuildFile; fileRef = CC18BCFC1D7522350043BB37 /* QuartzCore.framework */; };
		CC18BCFF1D7522400043BB37 /* OpenGLES.framework in Frameworks */ = {isa = PBXBuildFile; fileRef = CC18BCFE1D7522400043BB37 /* OpenGLES.framework */; };
		CC18BD011D75224A0043BB37 /* SystemConfiguration.framework in Frameworks */ = {isa = PBXBuildFile; fileRef = CC18BD001D75224A0043BB37 /* SystemConfiguration.framework */; };
		CC18BD031D7522530043BB37 /* CoreGraphics.framework in Frameworks */ = {isa = PBXBuildFile; fileRef = CC18BD021D7522530043BB37 /* CoreGraphics.framework */; };
		CC18BD051D75225C0043BB37 /* Security.framework in Frameworks */ = {isa = PBXBuildFile; fileRef = CC18BD041D75225C0043BB37 /* Security.framework */; };
		CC18BD071D7522670043BB37 /* libsqlite3.0.tbd in Frameworks */ = {isa = PBXBuildFile; fileRef = CC18BD061D7522670043BB37 /* libsqlite3.0.tbd */; };
		CC18BD091D7522710043BB37 /* CoreTelephony.framework in Frameworks */ = {isa = PBXBuildFile; fileRef = CC18BD081D7522710043BB37 /* CoreTelephony.framework */; };
		CC18BD0B1D7522830043BB37 /* libstdc++.6.0.9.tbd in Frameworks */ = {isa = PBXBuildFile; fileRef = CC18BD0A1D7522830043BB37 /* libstdc++.6.0.9.tbd */; };
		CC18BD0D1D7522B70043BB37 /* mapapi.bundle in Resources */ = {isa = PBXBuildFile; fileRef = CC18BD0C1D7522B70043BB37 /* mapapi.bundle */; };
		CC18BD101D7529960043BB37 /* SearchVC.m in Sources */ = {isa = PBXBuildFile; fileRef = CC18BD0F1D7529960043BB37 /* SearchVC.m */; };
		CC18BD121D7537E40043BB37 /* Login.storyboard in Resources */ = {isa = PBXBuildFile; fileRef = CC8393C21D6BE4940093924C /* Login.storyboard */; };
		CC18BD151D75616E0043BB37 /* QYLocationManager.m in Sources */ = {isa = PBXBuildFile; fileRef = CC18BD141D75616E0043BB37 /* QYLocationManager.m */; };
		CC18BD181D75762B0043BB37 /* UserInfo.m in Sources */ = {isa = PBXBuildFile; fileRef = CC18BD171D75762B0043BB37 /* UserInfo.m */; };
		CC18BD1B1D7670330043BB37 /* People.xib in Resources */ = {isa = PBXBuildFile; fileRef = CC18BD1A1D7670330043BB37 /* People.xib */; };
		CC18BD1E1D7671CB0043BB37 /* People.m in Sources */ = {isa = PBXBuildFile; fileRef = CC18BD1D1D7671CB0043BB37 /* People.m */; };
		CC437F7E1D78162C0061B593 /* Yueba.xcdatamodeld in Sources */ = {isa = PBXBuildFile; fileRef = CC437F7C1D78162C0061B593 /* Yueba.xcdatamodeld */; };
		CC437F801D78164E0061B593 /* CoreData.framework in Frameworks */ = {isa = PBXBuildFile; fileRef = CC437F7F1D78164E0061B593 /* CoreData.framework */; };
		CC437F851D7817B50061B593 /* Friend+CoreDataProperties.m in Sources */ = {isa = PBXBuildFile; fileRef = CC437F821D7817B50061B593 /* Friend+CoreDataProperties.m */; };
		CC437F861D7817B50061B593 /* Friend.m in Sources */ = {isa = PBXBuildFile; fileRef = CC437F841D7817B50061B593 /* Friend.m */; };
		CC5C79A31D6FE1680014D749 /* HomeVC.m in Sources */ = {isa = PBXBuildFile; fileRef = CC5C79A21D6FE1680014D749 /* HomeVC.m */; };
		CC82DDEF1D6BF45000EBD781 /* SendSMSVC.m in Sources */ = {isa = PBXBuildFile; fileRef = CC82DDEE1D6BF45000EBD781 /* SendSMSVC.m */; };
		CC82DDF31D6BF7B200EBD781 /* LanchImageVC.m in Sources */ = {isa = PBXBuildFile; fileRef = CC82DDF21D6BF7B200EBD781 /* LanchImageVC.m */; };
		CC82DDF61D6BFF1A00EBD781 /* NSString+Log.m in Sources */ = {isa = PBXBuildFile; fileRef = CC82DDF51D6BFF1A00EBD781 /* NSString+Log.m */; };
		CC8393BB1D6BE4940093924C /* main.m in Sources */ = {isa = PBXBuildFile; fileRef = CC8393BA1D6BE4940093924C /* main.m */; };
		CC8393BE1D6BE4940093924C /* AppDelegate.mm in Sources */ = {isa = PBXBuildFile; fileRef = CC8393BD1D6BE4940093924C /* AppDelegate.mm */; };
		CC8393C61D6BE4940093924C /* Assets.xcassets in Resources */ = {isa = PBXBuildFile; fileRef = CC8393C51D6BE4940093924C /* Assets.xcassets */; };
		CC8393C91D6BE4940093924C /* LaunchScreen.storyboard in Resources */ = {isa = PBXBuildFile; fileRef = CC8393C71D6BE4940093924C /* LaunchScreen.storyboard */; };
		CCB5E4301D6E86D2006FD577 /* UploadInfoVC.m in Sources */ = {isa = PBXBuildFile; fileRef = CCB5E42F1D6E86D2006FD577 /* UploadInfoVC.m */; };
		CCB5E4321D6E95D9006FD577 /* Home.storyboard in Resources */ = {isa = PBXBuildFile; fileRef = CCB5E4311D6E95D9006FD577 /* Home.storyboard */; };
/* End PBXBuildFile section */

/* Begin PBXFileReference section */
		2C844E7038297687E5E1A193 /* Pods-Yueba.release.xcconfig */ = {isa = PBXFileReference; includeInIndex = 1; lastKnownFileType = text.xcconfig; name = "Pods-Yueba.release.xcconfig"; path = "Pods/Target Support Files/Pods-Yueba/Pods-Yueba.release.xcconfig"; sourceTree = "<group>"; };
		4DECFA22A77262974006AC7C /* libPods-Yueba.a */ = {isa = PBXFileReference; explicitFileType = archive.ar; includeInIndex = 0; path = "libPods-Yueba.a"; sourceTree = BUILT_PRODUCTS_DIR; };
		6901CDA259AC9E8D0319D446 /* Pods-Yueba.debug.xcconfig */ = {isa = PBXFileReference; includeInIndex = 1; lastKnownFileType = text.xcconfig; name = "Pods-Yueba.debug.xcconfig"; path = "Pods/Target Support Files/Pods-Yueba/Pods-Yueba.debug.xcconfig"; sourceTree = "<group>"; };
		CC097C711D6C28A900CD8D09 /* QYHTTPManager.h */ = {isa = PBXFileReference; fileEncoding = 4; lastKnownFileType = sourcecode.c.h; path = QYHTTPManager.h; sourceTree = "<group>"; };
		CC097C721D6C28A900CD8D09 /* QYHTTPManager.m */ = {isa = PBXFileReference; fileEncoding = 4; lastKnownFileType = sourcecode.c.objc; path = QYHTTPManager.m; sourceTree = "<group>"; };
		CC097C741D6C311800CD8D09 /* RegistVC.h */ = {isa = PBXFileReference; fileEncoding = 4; lastKnownFileType = sourcecode.c.h; path = RegistVC.h; sourceTree = "<group>"; };
		CC097C751D6C311800CD8D09 /* RegistVC.m */ = {isa = PBXFileReference; fileEncoding = 4; lastKnownFileType = sourcecode.c.objc; path = RegistVC.m; sourceTree = "<group>"; };
		CC097C771D6C386900CD8D09 /* LoginVC.h */ = {isa = PBXFileReference; fileEncoding = 4; lastKnownFileType = sourcecode.c.h; path = LoginVC.h; sourceTree = "<group>"; };
		CC097C781D6C386900CD8D09 /* LoginVC.m */ = {isa = PBXFileReference; fileEncoding = 4; lastKnownFileType = sourcecode.c.objc; path = LoginVC.m; sourceTree = "<group>"; };
		CC097C7A1D6C403100CD8D09 /* QYAccount.h */ = {isa = PBXFileReference; fileEncoding = 4; lastKnownFileType = sourcecode.c.h; path = QYAccount.h; sourceTree = "<group>"; };
		CC097C7B1D6C403100CD8D09 /* QYAccount.m */ = {isa = PBXFileReference; fileEncoding = 4; lastKnownFileType = sourcecode.c.objc; path = QYAccount.m; sourceTree = "<group>"; };
		CC18BCEC1D7521B00043BB37 /* BaiduMapAPI_Base.framework */ = {isa = PBXFileReference; lastKnownFileType = wrapper.framework; path = BaiduMapAPI_Base.framework; sourceTree = "<group>"; };
		CC18BCED1D7521B00043BB37 /* BaiduMapAPI_Cloud.framework */ = {isa = PBXFileReference; lastKnownFileType = wrapper.framework; path = BaiduMapAPI_Cloud.framework; sourceTree = "<group>"; };
		CC18BCEE1D7521B00043BB37 /* BaiduMapAPI_Location.framework */ = {isa = PBXFileReference; lastKnownFileType = wrapper.framework; path = BaiduMapAPI_Location.framework; sourceTree = "<group>"; };
		CC18BCEF1D7521B00043BB37 /* BaiduMapAPI_Map.framework */ = {isa = PBXFileReference; lastKnownFileType = wrapper.framework; path = BaiduMapAPI_Map.framework; sourceTree = "<group>"; };
		CC18BCF01D7521B00043BB37 /* BaiduMapAPI_Radar.framework */ = {isa = PBXFileReference; lastKnownFileType = wrapper.framework; path = BaiduMapAPI_Radar.framework; sourceTree = "<group>"; };
		CC18BCF11D7521B00043BB37 /* BaiduMapAPI_Search.framework */ = {isa = PBXFileReference; lastKnownFileType = wrapper.framework; path = BaiduMapAPI_Search.framework; sourceTree = "<group>"; };
		CC18BCF21D7521B00043BB37 /* BaiduMapAPI_Utils.framework */ = {isa = PBXFileReference; lastKnownFileType = wrapper.framework; path = BaiduMapAPI_Utils.framework; sourceTree = "<group>"; };
		CC18BCFA1D7522270043BB37 /* CoreLocation.framework */ = {isa = PBXFileReference; lastKnownFileType = wrapper.framework; name = CoreLocation.framework; path = System/Library/Frameworks/CoreLocation.framework; sourceTree = SDKROOT; };
		CC18BCFC1D7522350043BB37 /* QuartzCore.framework */ = {isa = PBXFileReference; lastKnownFileType = wrapper.framework; name = QuartzCore.framework; path = System/Library/Frameworks/QuartzCore.framework; sourceTree = SDKROOT; };
		CC18BCFE1D7522400043BB37 /* OpenGLES.framework */ = {isa = PBXFileReference; lastKnownFileType = wrapper.framework; name = OpenGLES.framework; path = System/Library/Frameworks/OpenGLES.framework; sourceTree = SDKROOT; };
		CC18BD001D75224A0043BB37 /* SystemConfiguration.framework */ = {isa = PBXFileReference; lastKnownFileType = wrapper.framework; name = SystemConfiguration.framework; path = System/Library/Frameworks/SystemConfiguration.framework; sourceTree = SDKROOT; };
		CC18BD021D7522530043BB37 /* CoreGraphics.framework */ = {isa = PBXFileReference; lastKnownFileType = wrapper.framework; name = CoreGraphics.framework; path = System/Library/Frameworks/CoreGraphics.framework; sourceTree = SDKROOT; };
		CC18BD041D75225C0043BB37 /* Security.framework */ = {isa = PBXFileReference; lastKnownFileType = wrapper.framework; name = Security.framework; path = System/Library/Frameworks/Security.framework; sourceTree = SDKROOT; };
		CC18BD061D7522670043BB37 /* libsqlite3.0.tbd */ = {isa = PBXFileReference; lastKnownFileType = "sourcecode.text-based-dylib-definition"; name = libsqlite3.0.tbd; path = usr/lib/libsqlite3.0.tbd; sourceTree = SDKROOT; };
		CC18BD081D7522710043BB37 /* CoreTelephony.framework */ = {isa = PBXFileReference; lastKnownFileType = wrapper.framework; name = CoreTelephony.framework; path = System/Library/Frameworks/CoreTelephony.framework; sourceTree = SDKROOT; };
		CC18BD0A1D7522830043BB37 /* libstdc++.6.0.9.tbd */ = {isa = PBXFileReference; lastKnownFileType = "sourcecode.text-based-dylib-definition"; name = "libstdc++.6.0.9.tbd"; path = "usr/lib/libstdc++.6.0.9.tbd"; sourceTree = SDKROOT; };
		CC18BD0C1D7522B70043BB37 /* mapapi.bundle */ = {isa = PBXFileReference; lastKnownFileType = "wrapper.plug-in"; name = mapapi.bundle; path = BaiduMapAPI_Map.framework/Resources/mapapi.bundle; sourceTree = SOURCE_ROOT; };
		CC18BD0E1D7529960043BB37 /* SearchVC.h */ = {isa = PBXFileReference; fileEncoding = 4; lastKnownFileType = sourcecode.c.h; path = SearchVC.h; sourceTree = "<group>"; };
		CC18BD0F1D7529960043BB37 /* SearchVC.m */ = {isa = PBXFileReference; fileEncoding = 4; lastKnownFileType = sourcecode.c.objc; path = SearchVC.m; sourceTree = "<group>"; };
		CC18BD131D75616E0043BB37 /* QYLocationManager.h */ = {isa = PBXFileReference; fileEncoding = 4; lastKnownFileType = sourcecode.c.h; path = QYLocationManager.h; sourceTree = "<group>"; };
		CC18BD141D75616E0043BB37 /* QYLocationManager.m */ = {isa = PBXFileReference; fileEncoding = 4; lastKnownFileType = sourcecode.c.objc; path = QYLocationManager.m; sourceTree = "<group>"; };
		CC18BD161D75762B0043BB37 /* UserInfo.h */ = {isa = PBXFileReference; fileEncoding = 4; lastKnownFileType = sourcecode.c.h; path = UserInfo.h; sourceTree = "<group>"; };
		CC18BD171D75762B0043BB37 /* UserInfo.m */ = {isa = PBXFileReference; fileEncoding = 4; lastKnownFileType = sourcecode.c.objc; path = UserInfo.m; sourceTree = "<group>"; };
		CC18BD1A1D7670330043BB37 /* People.xib */ = {isa = PBXFileReference; fileEncoding = 4; lastKnownFileType = file.xib; path = People.xib; sourceTree = "<group>"; };
		CC18BD1C1D7671CB0043BB37 /* People.h */ = {isa = PBXFileReference; fileEncoding = 4; lastKnownFileType = sourcecode.c.h; path = People.h; sourceTree = "<group>"; };
		CC18BD1D1D7671CB0043BB37 /* People.m */ = {isa = PBXFileReference; fileEncoding = 4; lastKnownFileType = sourcecode.c.objc; path = People.m; sourceTree = "<group>"; };
		CC437F7D1D78162C0061B593 /* Yueba.xcdatamodel */ = {isa = PBXFileReference; lastKnownFileType = wrapper.xcdatamodel; path = Yueba.xcdatamodel; sourceTree = "<group>"; };
		CC437F7F1D78164E0061B593 /* CoreData.framework */ = {isa = PBXFileReference; lastKnownFileType = wrapper.framework; name = CoreData.framework; path = System/Library/Frameworks/CoreData.framework; sourceTree = SDKROOT; };
		CC437F811D7817B50061B593 /* Friend+CoreDataProperties.h */ = {isa = PBXFileReference; fileEncoding = 4; lastKnownFileType = sourcecode.c.h; path = "Friend+CoreDataProperties.h"; sourceTree = "<group>"; };
		CC437F821D7817B50061B593 /* Friend+CoreDataProperties.m */ = {isa = PBXFileReference; fileEncoding = 4; lastKnownFileType = sourcecode.c.objc; path = "Friend+CoreDataProperties.m"; sourceTree = "<group>"; };
		CC437F831D7817B50061B593 /* Friend.h */ = {isa = PBXFileReference; fileEncoding = 4; lastKnownFileType = sourcecode.c.h; path = Friend.h; sourceTree = "<group>"; };
		CC437F841D7817B50061B593 /* Friend.m */ = {isa = PBXFileReference; fileEncoding = 4; lastKnownFileType = sourcecode.c.objc; path = Friend.m; sourceTree = "<group>"; };
		CC5C79A11D6FE1680014D749 /* HomeVC.h */ = {isa = PBXFileReference; fileEncoding = 4; lastKnownFileType = sourcecode.c.h; path = HomeVC.h; sourceTree = "<group>"; };
		CC5C79A21D6FE1680014D749 /* HomeVC.m */ = {isa = PBXFileReference; fileEncoding = 4; lastKnownFileType = sourcecode.c.objc; path = HomeVC.m; sourceTree = "<group>"; };
		CC82DDED1D6BF45000EBD781 /* SendSMSVC.h */ = {isa = PBXFileReference; fileEncoding = 4; lastKnownFileType = sourcecode.c.h; path = SendSMSVC.h; sourceTree = "<group>"; };
		CC82DDEE1D6BF45000EBD781 /* SendSMSVC.m */ = {isa = PBXFileReference; fileEncoding = 4; lastKnownFileType = sourcecode.c.objc; path = SendSMSVC.m; sourceTree = "<group>"; };
		CC82DDF01D6BF50C00EBD781 /* Common.h */ = {isa = PBXFileReference; lastKnownFileType = sourcecode.c.h; path = Common.h; sourceTree = "<group>"; };
		CC82DDF11D6BF7B200EBD781 /* LanchImageVC.h */ = {isa = PBXFileReference; fileEncoding = 4; lastKnownFileType = sourcecode.c.h; path = LanchImageVC.h; sourceTree = "<group>"; };
		CC82DDF21D6BF7B200EBD781 /* LanchImageVC.m */ = {isa = PBXFileReference; fileEncoding = 4; lastKnownFileType = sourcecode.c.objc; path = LanchImageVC.m; sourceTree = "<group>"; };
		CC82DDF41D6BFF1A00EBD781 /* NSString+Log.h */ = {isa = PBXFileReference; fileEncoding = 4; lastKnownFileType = sourcecode.c.h; path = "NSString+Log.h"; sourceTree = "<group>"; };
		CC82DDF51D6BFF1A00EBD781 /* NSString+Log.m */ = {isa = PBXFileReference; fileEncoding = 4; lastKnownFileType = sourcecode.c.objc; path = "NSString+Log.m"; sourceTree = "<group>"; };
		CC8393B61D6BE4940093924C /* Yueba.app */ = {isa = PBXFileReference; explicitFileType = wrapper.application; includeInIndex = 0; path = Yueba.app; sourceTree = BUILT_PRODUCTS_DIR; };
		CC8393BA1D6BE4940093924C /* main.m */ = {isa = PBXFileReference; lastKnownFileType = sourcecode.c.objc; path = main.m; sourceTree = "<group>"; };
		CC8393BC1D6BE4940093924C /* AppDelegate.h */ = {isa = PBXFileReference; lastKnownFileType = sourcecode.c.h; path = AppDelegate.h; sourceTree = "<group>"; };
		CC8393BD1D6BE4940093924C /* AppDelegate.mm */ = {isa = PBXFileReference; lastKnownFileType = sourcecode.cpp.objcpp; path = AppDelegate.mm; sourceTree = "<group>"; };
		CC8393C31D6BE4940093924C /* Base */ = {isa = PBXFileReference; lastKnownFileType = file.storyboard; name = Base; path = Base.lproj/Login.storyboard; sourceTree = "<group>"; };
		CC8393C51D6BE4940093924C /* Assets.xcassets */ = {isa = PBXFileReference; lastKnownFileType = folder.assetcatalog; path = Assets.xcassets; sourceTree = "<group>"; };
		CC8393C81D6BE4940093924C /* Base */ = {isa = PBXFileReference; lastKnownFileType = file.storyboard; name = Base; path = Base.lproj/LaunchScreen.storyboard; sourceTree = "<group>"; };
		CC8393CA1D6BE4940093924C /* Info.plist */ = {isa = PBXFileReference; lastKnownFileType = text.plist.xml; path = Info.plist; sourceTree = "<group>"; };
		CCB5E42E1D6E86D2006FD577 /* UploadInfoVC.h */ = {isa = PBXFileReference; fileEncoding = 4; lastKnownFileType = sourcecode.c.h; path = UploadInfoVC.h; sourceTree = "<group>"; };
		CCB5E42F1D6E86D2006FD577 /* UploadInfoVC.m */ = {isa = PBXFileReference; fileEncoding = 4; lastKnownFileType = sourcecode.c.objc; path = UploadInfoVC.m; sourceTree = "<group>"; };
		CCB5E4311D6E95D9006FD577 /* Home.storyboard */ = {isa = PBXFileReference; fileEncoding = 4; lastKnownFileType = file.storyboard; path = Home.storyboard; sourceTree = "<group>"; };
/* End PBXFileReference section */

/* Begin PBXFrameworksBuildPhase section */
		CC8393B31D6BE4940093924C /* Frameworks */ = {
			isa = PBXFrameworksBuildPhase;
			buildActionMask = 2147483647;
			files = (
				CC437F801D78164E0061B593 /* CoreData.framework in Frameworks */,
				CC18BD0B1D7522830043BB37 /* libstdc++.6.0.9.tbd in Frameworks */,
				CC18BD091D7522710043BB37 /* CoreTelephony.framework in Frameworks */,
				CC18BD071D7522670043BB37 /* libsqlite3.0.tbd in Frameworks */,
				CC18BD051D75225C0043BB37 /* Security.framework in Frameworks */,
				CC18BD031D7522530043BB37 /* CoreGraphics.framework in Frameworks */,
				CC18BD011D75224A0043BB37 /* SystemConfiguration.framework in Frameworks */,
				CC18BCFF1D7522400043BB37 /* OpenGLES.framework in Frameworks */,
				CC18BCFD1D7522350043BB37 /* QuartzCore.framework in Frameworks */,
				CC18BCFB1D7522270043BB37 /* CoreLocation.framework in Frameworks */,
				966DE3B0E7C7AEBB36CF1DC6 /* libPods-Yueba.a in Frameworks */,
				CC18BCF71D7521B00043BB37 /* BaiduMapAPI_Radar.framework in Frameworks */,
				CC18BCF31D7521B00043BB37 /* BaiduMapAPI_Base.framework in Frameworks */,
				CC18BCF41D7521B00043BB37 /* BaiduMapAPI_Cloud.framework in Frameworks */,
				CC18BCF91D7521B00043BB37 /* BaiduMapAPI_Utils.framework in Frameworks */,
				CC18BCF61D7521B00043BB37 /* BaiduMapAPI_Map.framework in Frameworks */,
				CC18BCF51D7521B00043BB37 /* BaiduMapAPI_Location.framework in Frameworks */,
				CC18BCF81D7521B00043BB37 /* BaiduMapAPI_Search.framework in Frameworks */,
			);
			runOnlyForDeploymentPostprocessing = 0;
		};
/* End PBXFrameworksBuildPhase section */

/* Begin PBXGroup section */
		C93C5CE953B2C271EB115492 /* Frameworks */ = {
			isa = PBXGroup;
			children = (
				CC437F7F1D78164E0061B593 /* CoreData.framework */,
				CC18BD0A1D7522830043BB37 /* libstdc++.6.0.9.tbd */,
				CC18BD081D7522710043BB37 /* CoreTelephony.framework */,
				CC18BD061D7522670043BB37 /* libsqlite3.0.tbd */,
				CC18BD041D75225C0043BB37 /* Security.framework */,
				CC18BD021D7522530043BB37 /* CoreGraphics.framework */,
				CC18BD001D75224A0043BB37 /* SystemConfiguration.framework */,
				CC18BCFE1D7522400043BB37 /* OpenGLES.framework */,
				CC18BCFC1D7522350043BB37 /* QuartzCore.framework */,
				CC18BCFA1D7522270043BB37 /* CoreLocation.framework */,
				CC18BCEC1D7521B00043BB37 /* BaiduMapAPI_Base.framework */,
				CC18BCED1D7521B00043BB37 /* BaiduMapAPI_Cloud.framework */,
				CC18BCEE1D7521B00043BB37 /* BaiduMapAPI_Location.framework */,
				CC18BCEF1D7521B00043BB37 /* BaiduMapAPI_Map.framework */,
				CC18BCF01D7521B00043BB37 /* BaiduMapAPI_Radar.framework */,
				CC18BCF11D7521B00043BB37 /* BaiduMapAPI_Search.framework */,
				CC18BCF21D7521B00043BB37 /* BaiduMapAPI_Utils.framework */,
				4DECFA22A77262974006AC7C /* libPods-Yueba.a */,
			);
			name = Frameworks;
			sourceTree = "<group>";
		};
		CC18BD191D766FF90043BB37 /* View */ = {
			isa = PBXGroup;
			children = (
				CC18BD1A1D7670330043BB37 /* People.xib */,
				CC18BD1C1D7671CB0043BB37 /* People.h */,
				CC18BD1D1D7671CB0043BB37 /* People.m */,
			);
			name = View;
			sourceTree = "<group>";
		};
		CC437F7B1D78161D0061B593 /* DB */ = {
			isa = PBXGroup;
			children = (
				CC437F7C1D78162C0061B593 /* Yueba.xcdatamodeld */,
				CC437F811D7817B50061B593 /* Friend+CoreDataProperties.h */,
				CC437F821D7817B50061B593 /* Friend+CoreDataProperties.m */,
				CC437F831D7817B50061B593 /* Friend.h */,
				CC437F841D7817B50061B593 /* Friend.m */,
			);
			name = DB;
			sourceTree = "<group>";
		};
		CC5C799F1D6FDF890014D749 /* VC */ = {
			isa = PBXGroup;
			children = (
				CC5C79A11D6FE1680014D749 /* HomeVC.h */,
				CC5C79A21D6FE1680014D749 /* HomeVC.m */,
				CC18BD0E1D7529960043BB37 /* SearchVC.h */,
				CC18BD0F1D7529960043BB37 /* SearchVC.m */,
			);
			name = VC;
			sourceTree = "<group>";
		};
		CC5C79A01D6FDF900014D749 /* Model */ = {
			isa = PBXGroup;
			children = (
				CC18BD161D75762B0043BB37 /* UserInfo.h */,
				CC18BD171D75762B0043BB37 /* UserInfo.m */,
			);
			name = Model;
			sourceTree = "<group>";
		};
		CC82DDE51D6BEA7200EBD781 /* Login */ = {
			isa = PBXGroup;
			children = (
				CC82DDEC1D6BEBDA00EBD781 /* Model */,
				CC82DDEB1D6BEBC900EBD781 /* View */,
				CC82DDEA1D6BEBB700EBD781 /* VC */,
				CC8393C21D6BE4940093924C /* Login.storyboard */,
			);
			name = Login;
			sourceTree = "<group>";
		};
		CC82DDE61D6BEB1C00EBD781 /* Home */ = {
			isa = PBXGroup;
			children = (
				CC18BD191D766FF90043BB37 /* View */,
				CC5C79A01D6FDF900014D749 /* Model */,
				CC5C799F1D6FDF890014D749 /* VC */,
				CCB5E4311D6E95D9006FD577 /* Home.storyboard */,
			);
			name = Home;
			sourceTree = "<group>";
		};
		CC82DDE71D6BEB2B00EBD781 /* Chart */ = {
			isa = PBXGroup;
			children = (
			);
			name = Chart;
			sourceTree = "<group>";
		};
		CC82DDE81D6BEB5A00EBD781 /* Tools */ = {
			isa = PBXGroup;
			children = (
				CC82DDF01D6BF50C00EBD781 /* Common.h */,
				CC82DDF41D6BFF1A00EBD781 /* NSString+Log.h */,
				CC82DDF51D6BFF1A00EBD781 /* NSString+Log.m */,
				CC097C711D6C28A900CD8D09 /* QYHTTPManager.h */,
				CC097C721D6C28A900CD8D09 /* QYHTTPManager.m */,
				CC097C7A1D6C403100CD8D09 /* QYAccount.h */,
				CC097C7B1D6C403100CD8D09 /* QYAccount.m */,
				CC18BD131D75616E0043BB37 /* QYLocationManager.h */,
				CC18BD141D75616E0043BB37 /* QYLocationManager.m */,
			);
			name = Tools;
			sourceTree = "<group>";
		};
		CC82DDE91D6BEB6900EBD781 /* App */ = {
			isa = PBXGroup;
			children = (
				CC8393BC1D6BE4940093924C /* AppDelegate.h */,
				CC8393BD1D6BE4940093924C /* AppDelegate.mm */,
			);
			name = App;
			sourceTree = "<group>";
		};
		CC82DDEA1D6BEBB700EBD781 /* VC */ = {
			isa = PBXGroup;
			children = (
				CC82DDED1D6BF45000EBD781 /* SendSMSVC.h */,
				CC82DDEE1D6BF45000EBD781 /* SendSMSVC.m */,
				CC82DDF11D6BF7B200EBD781 /* LanchImageVC.h */,
				CC82DDF21D6BF7B200EBD781 /* LanchImageVC.m */,
				CC097C741D6C311800CD8D09 /* RegistVC.h */,
				CC097C751D6C311800CD8D09 /* RegistVC.m */,
				CC097C771D6C386900CD8D09 /* LoginVC.h */,
				CC097C781D6C386900CD8D09 /* LoginVC.m */,
				CCB5E42E1D6E86D2006FD577 /* UploadInfoVC.h */,
				CCB5E42F1D6E86D2006FD577 /* UploadInfoVC.m */,
			);
			name = VC;
			sourceTree = "<group>";
		};
		CC82DDEB1D6BEBC900EBD781 /* View */ = {
			isa = PBXGroup;
			children = (
			);
			name = View;
			sourceTree = "<group>";
		};
		CC82DDEC1D6BEBDA00EBD781 /* Model */ = {
			isa = PBXGroup;
			children = (
			);
			name = Model;
			sourceTree = "<group>";
		};
		CC8393AD1D6BE4930093924C = {
			isa = PBXGroup;
			children = (
				CC8393B81D6BE4940093924C /* Yueba */,
				CC8393B71D6BE4940093924C /* Products */,
				D2D5AB8E17DD0A57373E952C /* Pods */,
				C93C5CE953B2C271EB115492 /* Frameworks */,
			);
			sourceTree = "<group>";
		};
		CC8393B71D6BE4940093924C /* Products */ = {
			isa = PBXGroup;
			children = (
				CC8393B61D6BE4940093924C /* Yueba.app */,
			);
			name = Products;
			sourceTree = "<group>";
		};
		CC8393B81D6BE4940093924C /* Yueba */ = {
			isa = PBXGroup;
			children = (
				CC437F7B1D78161D0061B593 /* DB */,
				CC82DDE91D6BEB6900EBD781 /* App */,
				CC82DDE81D6BEB5A00EBD781 /* Tools */,
				CC82DDE71D6BEB2B00EBD781 /* Chart */,
				CC82DDE61D6BEB1C00EBD781 /* Home */,
				CC82DDE51D6BEA7200EBD781 /* Login */,
				CC8393B91D6BE4940093924C /* Supporting Files */,
			);
			path = Yueba;
			sourceTree = "<group>";
		};
		CC8393B91D6BE4940093924C /* Supporting Files */ = {
			isa = PBXGroup;
			children = (
				CC18BD0C1D7522B70043BB37 /* mapapi.bundle */,
				CC8393CA1D6BE4940093924C /* Info.plist */,
				CC8393C71D6BE4940093924C /* LaunchScreen.storyboard */,
				CC8393C51D6BE4940093924C /* Assets.xcassets */,
				CC8393BA1D6BE4940093924C /* main.m */,
			);
			name = "Supporting Files";
			sourceTree = "<group>";
		};
		D2D5AB8E17DD0A57373E952C /* Pods */ = {
			isa = PBXGroup;
			children = (
				6901CDA259AC9E8D0319D446 /* Pods-Yueba.debug.xcconfig */,
				2C844E7038297687E5E1A193 /* Pods-Yueba.release.xcconfig */,
			);
			name = Pods;
			sourceTree = "<group>";
		};
/* End PBXGroup section */

/* Begin PBXNativeTarget section */
		CC8393B51D6BE4940093924C /* Yueba */ = {
			isa = PBXNativeTarget;
			buildConfigurationList = CC8393CD1D6BE4940093924C /* Build configuration list for PBXNativeTarget "Yueba" */;
			buildPhases = (
				FCA9EC107E9A03F72B0E3CE2 /* [CP] Check Pods Manifest.lock */,
				CC8393B21D6BE4940093924C /* Sources */,
				CC8393B31D6BE4940093924C /* Frameworks */,
				CC8393B41D6BE4940093924C /* Resources */,
				E731BA2F35DBDEAD70D99E43 /* [CP] Embed Pods Frameworks */,
				E50856A77F07F055E475EAC1 /* [CP] Copy Pods Resources */,
			);
			buildRules = (
			);
			dependencies = (
			);
			name = Yueba;
			productName = Yueba;
			productReference = CC8393B61D6BE4940093924C /* Yueba.app */;
			productType = "com.apple.product-type.application";
		};
/* End PBXNativeTarget section */

/* Begin PBXProject section */
		CC8393AE1D6BE4930093924C /* Project object */ = {
			isa = PBXProject;
			attributes = {
				LastUpgradeCheck = 0730;
				ORGANIZATIONNAME = qingyun;
				TargetAttributes = {
					CC8393B51D6BE4940093924C = {
						CreatedOnToolsVersion = 7.3;
					};
				};
			};
			buildConfigurationList = CC8393B11D6BE4930093924C /* Build configuration list for PBXProject "Yueba" */;
			compatibilityVersion = "Xcode 3.2";
			developmentRegion = English;
			hasScannedForEncodings = 0;
			knownRegions = (
				en,
				Base,
			);
			mainGroup = CC8393AD1D6BE4930093924C;
			productRefGroup = CC8393B71D6BE4940093924C /* Products */;
			projectDirPath = "";
			projectRoot = "";
			targets = (
				CC8393B51D6BE4940093924C /* Yueba */,
			);
		};
/* End PBXProject section */

/* Begin PBXResourcesBuildPhase section */
		CC8393B41D6BE4940093924C /* Resources */ = {
			isa = PBXResourcesBuildPhase;
			buildActionMask = 2147483647;
			files = (
				CC18BD1B1D7670330043BB37 /* People.xib in Resources */,
				CC8393C91D6BE4940093924C /* LaunchScreen.storyboard in Resources */,
				CC18BD0D1D7522B70043BB37 /* mapapi.bundle in Resources */,
				CC8393C61D6BE4940093924C /* Assets.xcassets in Resources */,
				CC18BD121D7537E40043BB37 /* Login.storyboard in Resources */,
				CCB5E4321D6E95D9006FD577 /* Home.storyboard in Resources */,
			);
			runOnlyForDeploymentPostprocessing = 0;
		};
/* End PBXResourcesBuildPhase section */

/* Begin PBXShellScriptBuildPhase section */
		E50856A77F07F055E475EAC1 /* [CP] Copy Pods Resources */ = {
			isa = PBXShellScriptBuildPhase;
			buildActionMask = 2147483647;
			files = (
			);
			inputPaths = (
			);
			name = "[CP] Copy Pods Resources";
			outputPaths = (
			);
			runOnlyForDeploymentPostprocessing = 0;
			shellPath = /bin/sh;
			shellScript = "\"${SRCROOT}/Pods/Target Support Files/Pods-Yueba/Pods-Yueba-resources.sh\"\n";
			showEnvVarsInLog = 0;
		};
		E731BA2F35DBDEAD70D99E43 /* [CP] Embed Pods Frameworks */ = {
			isa = PBXShellScriptBuildPhase;
			buildActionMask = 2147483647;
			files = (
			);
			inputPaths = (
			);
			name = "[CP] Embed Pods Frameworks";
			outputPaths = (
			);
			runOnlyForDeploymentPostprocessing = 0;
			shellPath = /bin/sh;
			shellScript = "\"${SRCROOT}/Pods/Target Support Files/Pods-Yueba/Pods-Yueba-frameworks.sh\"\n";
			showEnvVarsInLog = 0;
		};
		FCA9EC107E9A03F72B0E3CE2 /* [CP] Check Pods Manifest.lock */ = {
			isa = PBXShellScriptBuildPhase;
			buildActionMask = 2147483647;
			files = (
			);
			inputPaths = (
			);
			name = "[CP] Check Pods Manifest.lock";
			outputPaths = (
			);
			runOnlyForDeploymentPostprocessing = 0;
			shellPath = /bin/sh;
			shellScript = "diff \"${PODS_ROOT}/../Podfile.lock\" \"${PODS_ROOT}/Manifest.lock\" > /dev/null\nif [[ $? != 0 ]] ; then\n    cat << EOM\nerror: The sandbox is not in sync with the Podfile.lock. Run 'pod install' or update your CocoaPods installation.\nEOM\n    exit 1\nfi\n";
			showEnvVarsInLog = 0;
		};
/* End PBXShellScriptBuildPhase section */

/* Begin PBXSourcesBuildPhase section */
		CC8393B21D6BE4940093924C /* Sources */ = {
			isa = PBXSourcesBuildPhase;
			buildActionMask = 2147483647;
			files = (
				CC437F7E1D78162C0061B593 /* Yueba.xcdatamodeld in Sources */,
				CC8393BE1D6BE4940093924C /* AppDelegate.mm in Sources */,
				CCB5E4301D6E86D2006FD577 /* UploadInfoVC.m in Sources */,
				CC437F861D7817B50061B593 /* Friend.m in Sources */,
				CC8393BB1D6BE4940093924C /* main.m in Sources */,
				CC18BD151D75616E0043BB37 /* QYLocationManager.m in Sources */,
				CC82DDF61D6BFF1A00EBD781 /* NSString+Log.m in Sources */,
				CC18BD101D7529960043BB37 /* SearchVC.m in Sources */,
				CC437F851D7817B50061B593 /* Friend+CoreDataProperties.m in Sources */,
				CC18BD181D75762B0043BB37 /* UserInfo.m in Sources */,
				CC82DDEF1D6BF45000EBD781 /* SendSMSVC.m in Sources */,
				CC82DDF31D6BF7B200EBD781 /* LanchImageVC.m in Sources */,
				CC5C79A31D6FE1680014D749 /* HomeVC.m in Sources */,
				CC097C7C1D6C403100CD8D09 /* QYAccount.m in Sources */,
				CC097C761D6C311800CD8D09 /* RegistVC.m in Sources */,
				CC18BD1E1D7671CB0043BB37 /* People.m in Sources */,
				CC097C791D6C386900CD8D09 /* LoginVC.m in Sources */,
				CC097C731D6C28A900CD8D09 /* QYHTTPManager.m in Sources */,
			);
			runOnlyForDeploymentPostprocessing = 0;
		};
/* End PBXSourcesBuildPhase section */

/* Begin PBXVariantGroup section */
		CC8393C21D6BE4940093924C /* Login.storyboard */ = {
			isa = PBXVariantGroup;
			children = (
				CC8393C31D6BE4940093924C /* Base */,
			);
			name = Login.storyboard;
			sourceTree = "<group>";
		};
		CC8393C71D6BE4940093924C /* LaunchScreen.storyboard */ = {
			isa = PBXVariantGroup;
			children = (
				CC8393C81D6BE4940093924C /* Base */,
			);
			name = LaunchScreen.storyboard;
			sourceTree = "<group>";
		};
/* End PBXVariantGroup section */

/* Begin XCBuildConfiguration section */
		CC8393CB1D6BE4940093924C /* Debug */ = {
			isa = XCBuildConfiguration;
			buildSettings = {
				ALWAYS_SEARCH_USER_PATHS = NO;
				CLANG_ANALYZER_NONNULL = YES;
				CLANG_CXX_LANGUAGE_STANDARD = "gnu++0x";
				CLANG_CXX_LIBRARY = "libc++";
				CLANG_ENABLE_MODULES = YES;
				CLANG_ENABLE_OBJC_ARC = YES;
				CLANG_WARN_BOOL_CONVERSION = YES;
				CLANG_WARN_CONSTANT_CONVERSION = YES;
				CLANG_WARN_DIRECT_OBJC_ISA_USAGE = YES_ERROR;
				CLANG_WARN_EMPTY_BODY = YES;
				CLANG_WARN_ENUM_CONVERSION = YES;
				CLANG_WARN_INT_CONVERSION = YES;
				CLANG_WARN_OBJC_ROOT_CLASS = YES_ERROR;
				CLANG_WARN_UNREACHABLE_CODE = YES;
				CLANG_WARN__DUPLICATE_METHOD_MATCH = YES;
				"CODE_SIGN_IDENTITY[sdk=iphoneos*]" = "iPhone Developer";
				COPY_PHASE_STRIP = NO;
				DEBUG_INFORMATION_FORMAT = dwarf;
				ENABLE_STRICT_OBJC_MSGSEND = YES;
				ENABLE_TESTABILITY = YES;
				GCC_C_LANGUAGE_STANDARD = gnu99;
				GCC_DYNAMIC_NO_PIC = NO;
				GCC_NO_COMMON_BLOCKS = YES;
				GCC_OPTIMIZATION_LEVEL = 0;
				GCC_PREPROCESSOR_DEFINITIONS = (
					"DEBUG=1",
					"$(inherited)",
				);
				GCC_WARN_64_TO_32_BIT_CONVERSION = YES;
				GCC_WARN_ABOUT_RETURN_TYPE = YES_ERROR;
				GCC_WARN_UNDECLARED_SELECTOR = YES;
				GCC_WARN_UNINITIALIZED_AUTOS = YES_AGGRESSIVE;
				GCC_WARN_UNUSED_FUNCTION = YES;
				GCC_WARN_UNUSED_VARIABLE = YES;
				IPHONEOS_DEPLOYMENT_TARGET = 9.3;
				MTL_ENABLE_DEBUG_INFO = YES;
				ONLY_ACTIVE_ARCH = YES;
				SDKROOT = iphoneos;
			};
			name = Debug;
		};
		CC8393CC1D6BE4940093924C /* Release */ = {
			isa = XCBuildConfiguration;
			buildSettings = {
				ALWAYS_SEARCH_USER_PATHS = NO;
				CLANG_ANALYZER_NONNULL = YES;
				CLANG_CXX_LANGUAGE_STANDARD = "gnu++0x";
				CLANG_CXX_LIBRARY = "libc++";
				CLANG_ENABLE_MODULES = YES;
				CLANG_ENABLE_OBJC_ARC = YES;
				CLANG_WARN_BOOL_CONVERSION = YES;
				CLANG_WARN_CONSTANT_CONVERSION = YES;
				CLANG_WARN_DIRECT_OBJC_ISA_USAGE = YES_ERROR;
				CLANG_WARN_EMPTY_BODY = YES;
				CLANG_WARN_ENUM_CONVERSION = YES;
				CLANG_WARN_INT_CONVERSION = YES;
				CLANG_WARN_OBJC_ROOT_CLASS = YES_ERROR;
				CLANG_WARN_UNREACHABLE_CODE = YES;
				CLANG_WARN__DUPLICATE_METHOD_MATCH = YES;
				"CODE_SIGN_IDENTITY[sdk=iphoneos*]" = "iPhone Developer";
				COPY_PHASE_STRIP = NO;
				DEBUG_INFORMATION_FORMAT = "dwarf-with-dsym";
				ENABLE_NS_ASSERTIONS = NO;
				ENABLE_STRICT_OBJC_MSGSEND = YES;
				GCC_C_LANGUAGE_STANDARD = gnu99;
				GCC_NO_COMMON_BLOCKS = YES;
				GCC_WARN_64_TO_32_BIT_CONVERSION = YES;
				GCC_WARN_ABOUT_RETURN_TYPE = YES_ERROR;
				GCC_WARN_UNDECLARED_SELECTOR = YES;
				GCC_WARN_UNINITIALIZED_AUTOS = YES_AGGRESSIVE;
				GCC_WARN_UNUSED_FUNCTION = YES;
				GCC_WARN_UNUSED_VARIABLE = YES;
				IPHONEOS_DEPLOYMENT_TARGET = 9.3;
				MTL_ENABLE_DEBUG_INFO = NO;
				SDKROOT = iphoneos;
				VALIDATE_PRODUCT = YES;
			};
			name = Release;
		};
		CC8393CE1D6BE4940093924C /* Debug */ = {
			isa = XCBuildConfiguration;
			baseConfigurationReference = 6901CDA259AC9E8D0319D446 /* Pods-Yueba.debug.xcconfig */;
			buildSettings = {
				ASSETCATALOG_COMPILER_APPICON_NAME = AppIcon;
				FRAMEWORK_SEARCH_PATHS = (
					"$(inherited)",
					"$(PROJECT_DIR)",
				);
				INFOPLIST_FILE = Yueba/Info.plist;
				LD_RUNPATH_SEARCH_PATHS = "$(inherited) @executable_path/Frameworks";
				PRODUCT_BUNDLE_IDENTIFIER = com.hnqingyun.runpath;
				PRODUCT_NAME = "$(TARGET_NAME)";
			};
			name = Debug;
		};
		CC8393CF1D6BE4940093924C /* Release */ = {
			isa = XCBuildConfiguration;
			baseConfigurationReference = 2C844E7038297687E5E1A193 /* Pods-Yueba.release.xcconfig */;
			buildSettings = {
				ASSETCATALOG_COMPILER_APPICON_NAME = AppIcon;
				FRAMEWORK_SEARCH_PATHS = (
					"$(inherited)",
					"$(PROJECT_DIR)",
				);
				INFOPLIST_FILE = Yueba/Info.plist;
				LD_RUNPATH_SEARCH_PATHS = "$(inherited) @executable_path/Frameworks";
				PRODUCT_BUNDLE_IDENTIFIER = com.hnqingyun.runpath;
				PRODUCT_NAME = "$(TARGET_NAME)";
			};
			name = Release;
		};
/* End XCBuildConfiguration section */

/* Begin XCConfigurationList section */
		CC8393B11D6BE4930093924C /* Build configuration list for PBXProject "Yueba" */ = {
			isa = XCConfigurationList;
			buildConfigurations = (
				CC8393CB1D6BE4940093924C /* Debug */,
				CC8393CC1D6BE4940093924C /* Release */,
			);
			defaultConfigurationIsVisible = 0;
			defaultConfigurationName = Release;
		};
		CC8393CD1D6BE4940093924C /* Build configuration list for PBXNativeTarget "Yueba" */ = {
			isa = XCConfigurationList;
			buildConfigurations = (
				CC8393CE1D6BE4940093924C /* Debug */,
				CC8393CF1D6BE4940093924C /* Release */,
			);
			defaultConfigurationIsVisible = 0;
			defaultConfigurationName = Release;
		};
/* End XCConfigurationList section */

/* Begin XCVersionGroup section */
		CC437F7C1D78162C0061B593 /* Yueba.xcdatamodeld */ = {
			isa = XCVersionGroup;
			children = (
				CC437F7D1D78162C0061B593 /* Yueba.xcdatamodel */,
			);
			currentVersion = CC437F7D1D78162C0061B593 /* Yueba.xcdatamodel */;
			path = Yueba.xcdatamodeld;
			sourceTree = "<group>";
			versionGroupType = wrapper.xcdatamodel;
		};
/* End XCVersionGroup section */
	};
	rootObject = CC8393AE1D6BE4930093924C /* Project object */;
}
